// !$*UTF8*$!
{
	archiveVersion = 1;
	classes = {
	};
	objectVersion = 51;
	objects = {

/* Begin PBXBuildFile section */
		91008A0C234EA00F0089458E /* AppDelegate.swift in Sources */ = {isa = PBXBuildFile; fileRef = 91008A0B234EA00F0089458E /* AppDelegate.swift */; };
		91008A14234EA00F0089458E /* TechnologyNewsApp.xcdatamodeld in Sources */ = {isa = PBXBuildFile; fileRef = 91008A12234EA00F0089458E /* TechnologyNewsApp.xcdatamodeld */; };
		91008A16234EA0110089458E /* Assets.xcassets in Resources */ = {isa = PBXBuildFile; fileRef = 91008A15234EA0110089458E /* Assets.xcassets */; };
		91008A19234EA0110089458E /* LaunchScreen.storyboard in Resources */ = {isa = PBXBuildFile; fileRef = 91008A17234EA0110089458E /* LaunchScreen.storyboard */; };
		91008A2E234EA4BF0089458E /* NewsRepository.swift in Sources */ = {isa = PBXBuildFile; fileRef = 91008A2D234EA4BF0089458E /* NewsRepository.swift */; };
		91008A3F234EA6BA0089458E /* PostList.swift in Sources */ = {isa = PBXBuildFile; fileRef = 91008A3E234EA6BA0089458E /* PostList.swift */; };
		91008A41234EA6F20089458E /* Post.swift in Sources */ = {isa = PBXBuildFile; fileRef = 91008A40234EA6F20089458E /* Post.swift */; };
		91008A43234EA7F10089458E /* URLSessionManager.swift in Sources */ = {isa = PBXBuildFile; fileRef = 91008A42234EA7F10089458E /* URLSessionManager.swift */; };
		91008A46234EA8640089458E /* News+CoreDataClass.swift in Sources */ = {isa = PBXBuildFile; fileRef = 91008A44234EA8640089458E /* News+CoreDataClass.swift */; };
		91008A47234EA8640089458E /* News+CoreDataProperties.swift in Sources */ = {isa = PBXBuildFile; fileRef = 91008A45234EA8640089458E /* News+CoreDataProperties.swift */; };
		91008A49234EA8910089458E /* Repository.swift in Sources */ = {isa = PBXBuildFile; fileRef = 91008A48234EA8910089458E /* Repository.swift */; };
		91008A4B234EADC50089458E /* CoreDataManager.swift in Sources */ = {isa = PBXBuildFile; fileRef = 91008A4A234EADC50089458E /* CoreDataManager.swift */; };
		91008A50234EB4CD0089458E /* NewsList.storyboard in Resources */ = {isa = PBXBuildFile; fileRef = 91008A4F234EB4CD0089458E /* NewsList.storyboard */; };
		91008A52234EB4EB0089458E /* NewsListViewController.swift in Sources */ = {isa = PBXBuildFile; fileRef = 91008A51234EB4EB0089458E /* NewsListViewController.swift */; };
		91008A54234EB5000089458E /* NewsListPresenter.swift in Sources */ = {isa = PBXBuildFile; fileRef = 91008A53234EB5000089458E /* NewsListPresenter.swift */; };
		91008A56234EB5150089458E /* NewsListTableViewManager.swift in Sources */ = {isa = PBXBuildFile; fileRef = 91008A55234EB5150089458E /* NewsListTableViewManager.swift */; };
		91008A5B234EB5500089458E /* NewsTableViewCell.swift in Sources */ = {isa = PBXBuildFile; fileRef = 91008A59234EB5500089458E /* NewsTableViewCell.swift */; };
		91008A5C234EB5500089458E /* NewsTableViewCell.xib in Resources */ = {isa = PBXBuildFile; fileRef = 91008A5A234EB5500089458E /* NewsTableViewCell.xib */; };
		91008A60234EB5760089458E /* NewsListPresenterProtocol.swift in Sources */ = {isa = PBXBuildFile; fileRef = 91008A5F234EB5760089458E /* NewsListPresenterProtocol.swift */; };
		91008A62234EB58C0089458E /* NewsListViewProtocol.swift in Sources */ = {isa = PBXBuildFile; fileRef = 91008A61234EB58C0089458E /* NewsListViewProtocol.swift */; };
		B060BC86432A3A780662A54F /* Pods_TechnologyNewsApp.framework in Frameworks */ = {isa = PBXBuildFile; fileRef = 4A5CFC6A49C6F7F0F459315F /* Pods_TechnologyNewsApp.framework */; };
/* End PBXBuildFile section */

/* Begin PBXFileReference section */
		332073A3BDDA3410443A0269 /* Pods-TechnologyNewsApp.release.xcconfig */ = {isa = PBXFileReference; includeInIndex = 1; lastKnownFileType = text.xcconfig; name = "Pods-TechnologyNewsApp.release.xcconfig"; path = "Target Support Files/Pods-TechnologyNewsApp/Pods-TechnologyNewsApp.release.xcconfig"; sourceTree = "<group>"; };
		4A5CFC6A49C6F7F0F459315F /* Pods_TechnologyNewsApp.framework */ = {isa = PBXFileReference; explicitFileType = wrapper.framework; includeInIndex = 0; path = Pods_TechnologyNewsApp.framework; sourceTree = BUILT_PRODUCTS_DIR; };
		7B590A697838D9A7227C4352 /* Pods-TechnologyNewsApp.debug.xcconfig */ = {isa = PBXFileReference; includeInIndex = 1; lastKnownFileType = text.xcconfig; name = "Pods-TechnologyNewsApp.debug.xcconfig"; path = "Target Support Files/Pods-TechnologyNewsApp/Pods-TechnologyNewsApp.debug.xcconfig"; sourceTree = "<group>"; };
		91008A08234EA00F0089458E /* TechnologyNewsApp.app */ = {isa = PBXFileReference; explicitFileType = wrapper.application; includeInIndex = 0; path = TechnologyNewsApp.app; sourceTree = BUILT_PRODUCTS_DIR; };
		91008A0B234EA00F0089458E /* AppDelegate.swift */ = {isa = PBXFileReference; lastKnownFileType = sourcecode.swift; path = AppDelegate.swift; sourceTree = "<group>"; };
		91008A13234EA00F0089458E /* TechnologyNewsApp.xcdatamodel */ = {isa = PBXFileReference; lastKnownFileType = wrapper.xcdatamodel; path = TechnologyNewsApp.xcdatamodel; sourceTree = "<group>"; };
		91008A15234EA0110089458E /* Assets.xcassets */ = {isa = PBXFileReference; lastKnownFileType = folder.assetcatalog; path = Assets.xcassets; sourceTree = "<group>"; };
		91008A18234EA0110089458E /* Base */ = {isa = PBXFileReference; lastKnownFileType = file.storyboard; name = Base; path = Base.lproj/LaunchScreen.storyboard; sourceTree = "<group>"; };
		91008A1A234EA0110089458E /* Info.plist */ = {isa = PBXFileReference; lastKnownFileType = text.plist.xml; path = Info.plist; sourceTree = "<group>"; };
		91008A2D234EA4BF0089458E /* NewsRepository.swift */ = {isa = PBXFileReference; lastKnownFileType = sourcecode.swift; path = NewsRepository.swift; sourceTree = "<group>"; };
		91008A3E234EA6BA0089458E /* PostList.swift */ = {isa = PBXFileReference; lastKnownFileType = sourcecode.swift; path = PostList.swift; sourceTree = "<group>"; };
		91008A40234EA6F20089458E /* Post.swift */ = {isa = PBXFileReference; lastKnownFileType = sourcecode.swift; path = Post.swift; sourceTree = "<group>"; };
		91008A42234EA7F10089458E /* URLSessionManager.swift */ = {isa = PBXFileReference; lastKnownFileType = sourcecode.swift; path = URLSessionManager.swift; sourceTree = "<group>"; };
		91008A44234EA8640089458E /* News+CoreDataClass.swift */ = {isa = PBXFileReference; lastKnownFileType = sourcecode.swift; path = "News+CoreDataClass.swift"; sourceTree = "<group>"; };
		91008A45234EA8640089458E /* News+CoreDataProperties.swift */ = {isa = PBXFileReference; lastKnownFileType = sourcecode.swift; path = "News+CoreDataProperties.swift"; sourceTree = "<group>"; };
		91008A48234EA8910089458E /* Repository.swift */ = {isa = PBXFileReference; lastKnownFileType = sourcecode.swift; path = Repository.swift; sourceTree = "<group>"; };
		91008A4A234EADC50089458E /* CoreDataManager.swift */ = {isa = PBXFileReference; lastKnownFileType = sourcecode.swift; path = CoreDataManager.swift; sourceTree = "<group>"; };
		91008A4F234EB4CD0089458E /* NewsList.storyboard */ = {isa = PBXFileReference; lastKnownFileType = file.storyboard; path = NewsList.storyboard; sourceTree = "<group>"; };
		91008A51234EB4EB0089458E /* NewsListViewController.swift */ = {isa = PBXFileReference; lastKnownFileType = sourcecode.swift; path = NewsListViewController.swift; sourceTree = "<group>"; };
		91008A53234EB5000089458E /* NewsListPresenter.swift */ = {isa = PBXFileReference; lastKnownFileType = sourcecode.swift; path = NewsListPresenter.swift; sourceTree = "<group>"; };
		91008A55234EB5150089458E /* NewsListTableViewManager.swift */ = {isa = PBXFileReference; lastKnownFileType = sourcecode.swift; path = NewsListTableViewManager.swift; sourceTree = "<group>"; };
		91008A59234EB5500089458E /* NewsTableViewCell.swift */ = {isa = PBXFileReference; lastKnownFileType = sourcecode.swift; path = NewsTableViewCell.swift; sourceTree = "<group>"; };
		91008A5A234EB5500089458E /* NewsTableViewCell.xib */ = {isa = PBXFileReference; lastKnownFileType = file.xib; path = NewsTableViewCell.xib; sourceTree = "<group>"; };
		91008A5F234EB5760089458E /* NewsListPresenterProtocol.swift */ = {isa = PBXFileReference; lastKnownFileType = sourcecode.swift; path = NewsListPresenterProtocol.swift; sourceTree = "<group>"; };
		91008A61234EB58C0089458E /* NewsListViewProtocol.swift */ = {isa = PBXFileReference; lastKnownFileType = sourcecode.swift; path = NewsListViewProtocol.swift; sourceTree = "<group>"; };
/* End PBXFileReference section */

/* Begin PBXFrameworksBuildPhase section */
		91008A05234EA00F0089458E /* Frameworks */ = {
			isa = PBXFrameworksBuildPhase;
			buildActionMask = 2147483647;
			files = (
				B060BC86432A3A780662A54F /* Pods_TechnologyNewsApp.framework in Frameworks */,
			);
			runOnlyForDeploymentPostprocessing = 0;
		};
/* End PBXFrameworksBuildPhase section */

/* Begin PBXGroup section */
		910089FF234EA00F0089458E = {
			isa = PBXGroup;
			children = (
				91008A20234EA0390089458E /* SupportingFiles */,
				91008A0A234EA00F0089458E /* TechnologyNewsApp */,
				91008A09234EA00F0089458E /* Products */,
				C3A8AEEA52ED3E0AFD3D4AB6 /* Pods */,
				C704E4E8441A705D85F63E60 /* Frameworks */,
			);
			sourceTree = "<group>";
		};
		91008A09234EA00F0089458E /* Products */ = {
			isa = PBXGroup;
			children = (
				91008A08234EA00F0089458E /* TechnologyNewsApp.app */,
			);
			name = Products;
			sourceTree = "<group>";
		};
		91008A0A234EA00F0089458E /* TechnologyNewsApp */ = {
			isa = PBXGroup;
			children = (
				91008A4C234EB48C0089458E /* PresentationLayer */,
				91008A21234EA0860089458E /* CoreLayer */,
				91008A0B234EA00F0089458E /* AppDelegate.swift */,
			);
			path = TechnologyNewsApp;
			sourceTree = "<group>";
		};
		91008A20234EA0390089458E /* SupportingFiles */ = {
			isa = PBXGroup;
			children = (
				91008A15234EA0110089458E /* Assets.xcassets */,
				91008A17234EA0110089458E /* LaunchScreen.storyboard */,
				91008A1A234EA0110089458E /* Info.plist */,
			);
			path = SupportingFiles;
			sourceTree = "<group>";
		};
		91008A21234EA0860089458E /* CoreLayer */ = {
			isa = PBXGroup;
			children = (
				91008A25234EA3B00089458E /* Network */,
				91008A22234EA08F0089458E /* CoreData */,
			);
			path = CoreLayer;
			sourceTree = "<group>";
		};
		91008A22234EA08F0089458E /* CoreData */ = {
			isa = PBXGroup;
			children = (
				91008A12234EA00F0089458E /* TechnologyNewsApp.xcdatamodeld */,
				91008A24234EA0D00089458E /* Repositories */,
				91008A23234EA0CA0089458E /* Entities */,
				91008A4A234EADC50089458E /* CoreDataManager.swift */,
			);
			path = CoreData;
			sourceTree = "<group>";
		};
		91008A23234EA0CA0089458E /* Entities */ = {
			isa = PBXGroup;
			children = (
				91008A44234EA8640089458E /* News+CoreDataClass.swift */,
				91008A45234EA8640089458E /* News+CoreDataProperties.swift */,
				91008A2D234EA4BF0089458E /* NewsRepository.swift */,
			);
			path = Entities;
			sourceTree = "<group>";
		};
		91008A24234EA0D00089458E /* Repositories */ = {
			isa = PBXGroup;
			children = (
				91008A48234EA8910089458E /* Repository.swift */,
			);
			path = Repositories;
			sourceTree = "<group>";
		};
		91008A25234EA3B00089458E /* Network */ = {
			isa = PBXGroup;
			children = (
				91008A26234EA41C0089458E /* Models */,
				91008A42234EA7F10089458E /* URLSessionManager.swift */,
			);
			path = Network;
			sourceTree = "<group>";
		};
		91008A26234EA41C0089458E /* Models */ = {
			isa = PBXGroup;
			children = (
				91008A3E234EA6BA0089458E /* PostList.swift */,
				91008A40234EA6F20089458E /* Post.swift */,
			);
			path = Models;
			sourceTree = "<group>";
		};
		91008A4C234EB48C0089458E /* PresentationLayer */ = {
			isa = PBXGroup;
			children = (
				91008A4E234EB4A80089458E /* NewsDescription */,
				91008A4D234EB49E0089458E /* NewsList */,
			);
			path = PresentationLayer;
			sourceTree = "<group>";
		};
		91008A4D234EB49E0089458E /* NewsList */ = {
			isa = PBXGroup;
			children = (
				91008A5E234EB5640089458E /* Protocols */,
				91008A58234EB5280089458E /* View */,
				91008A57234EB51C0089458E /* ContentControllers */,
				91008A51234EB4EB0089458E /* NewsListViewController.swift */,
				91008A53234EB5000089458E /* NewsListPresenter.swift */,
			);
			path = NewsList;
			sourceTree = "<group>";
		};
		91008A4E234EB4A80089458E /* NewsDescription */ = {
			isa = PBXGroup;
			children = (
			);
			path = NewsDescription;
			sourceTree = "<group>";
		};
		91008A57234EB51C0089458E /* ContentControllers */ = {
			isa = PBXGroup;
			children = (
				91008A55234EB5150089458E /* NewsListTableViewManager.swift */,
			);
			path = ContentControllers;
			sourceTree = "<group>";
		};
		91008A58234EB5280089458E /* View */ = {
			isa = PBXGroup;
			children = (
				91008A5D234EB5550089458E /* Cell */,
				91008A4F234EB4CD0089458E /* NewsList.storyboard */,
			);
			path = View;
			sourceTree = "<group>";
		};
		91008A5D234EB5550089458E /* Cell */ = {
			isa = PBXGroup;
			children = (
				91008A59234EB5500089458E /* NewsTableViewCell.swift */,
				91008A5A234EB5500089458E /* NewsTableViewCell.xib */,
			);
			path = Cell;
			sourceTree = "<group>";
		};
		91008A5E234EB5640089458E /* Protocols */ = {
			isa = PBXGroup;
			children = (
				91008A5F234EB5760089458E /* NewsListPresenterProtocol.swift */,
				91008A61234EB58C0089458E /* NewsListViewProtocol.swift */,
			);
			path = Protocols;
			sourceTree = "<group>";
		};
		C3A8AEEA52ED3E0AFD3D4AB6 /* Pods */ = {
			isa = PBXGroup;
			children = (
				7B590A697838D9A7227C4352 /* Pods-TechnologyNewsApp.debug.xcconfig */,
				332073A3BDDA3410443A0269 /* Pods-TechnologyNewsApp.release.xcconfig */,
			);
			path = Pods;
			sourceTree = "<group>";
		};
		C704E4E8441A705D85F63E60 /* Frameworks */ = {
			isa = PBXGroup;
			children = (
				4A5CFC6A49C6F7F0F459315F /* Pods_TechnologyNewsApp.framework */,
			);
			name = Frameworks;
			sourceTree = "<group>";
		};
/* End PBXGroup section */

/* Begin PBXNativeTarget section */
		91008A07234EA00F0089458E /* TechnologyNewsApp */ = {
			isa = PBXNativeTarget;
			buildConfigurationList = 91008A1D234EA0110089458E /* Build configuration list for PBXNativeTarget "TechnologyNewsApp" */;
			buildPhases = (
				F880AA307ECBC120C4CE6640 /* [CP] Check Pods Manifest.lock */,
				91008A04234EA00F0089458E /* Sources */,
				91008A05234EA00F0089458E /* Frameworks */,
				91008A06234EA00F0089458E /* Resources */,
				D571BC18571B06B9CDCC47E4 /* [CP] Embed Pods Frameworks */,
			);
			buildRules = (
			);
			dependencies = (
			);
			name = TechnologyNewsApp;
			productName = TechnologyNewsApp;
			productReference = 91008A08234EA00F0089458E /* TechnologyNewsApp.app */;
			productType = "com.apple.product-type.application";
		};
/* End PBXNativeTarget section */

/* Begin PBXProject section */
		91008A00234EA00F0089458E /* Project object */ = {
			isa = PBXProject;
			attributes = {
				LastSwiftUpdateCheck = 1030;
				LastUpgradeCheck = 1030;
				ORGANIZATIONNAME = IrishAle;
				TargetAttributes = {
					91008A07234EA00F0089458E = {
						CreatedOnToolsVersion = 10.3;
					};
				};
			};
			buildConfigurationList = 91008A03234EA00F0089458E /* Build configuration list for PBXProject "TechnologyNewsApp" */;
			compatibilityVersion = "Xcode 9.3";
			developmentRegion = en;
			hasScannedForEncodings = 0;
			knownRegions = (
				en,
				Base,
			);
			mainGroup = 910089FF234EA00F0089458E;
			productRefGroup = 91008A09234EA00F0089458E /* Products */;
			projectDirPath = "";
			projectRoot = "";
			targets = (
				91008A07234EA00F0089458E /* TechnologyNewsApp */,
			);
		};
/* End PBXProject section */

/* Begin PBXResourcesBuildPhase section */
		91008A06234EA00F0089458E /* Resources */ = {
			isa = PBXResourcesBuildPhase;
			buildActionMask = 2147483647;
			files = (
				91008A19234EA0110089458E /* LaunchScreen.storyboard in Resources */,
				91008A16234EA0110089458E /* Assets.xcassets in Resources */,
				91008A50234EB4CD0089458E /* NewsList.storyboard in Resources */,
				91008A5C234EB5500089458E /* NewsTableViewCell.xib in Resources */,
			);
			runOnlyForDeploymentPostprocessing = 0;
		};
/* End PBXResourcesBuildPhase section */

/* Begin PBXShellScriptBuildPhase section */
		D571BC18571B06B9CDCC47E4 /* [CP] Embed Pods Frameworks */ = {
			isa = PBXShellScriptBuildPhase;
			buildActionMask = 2147483647;
			files = (
			);
			inputFileListPaths = (
				"${PODS_ROOT}/Target Support Files/Pods-TechnologyNewsApp/Pods-TechnologyNewsApp-frameworks-${CONFIGURATION}-input-files.xcfilelist",
			);
			name = "[CP] Embed Pods Frameworks";
			outputFileListPaths = (
				"${PODS_ROOT}/Target Support Files/Pods-TechnologyNewsApp/Pods-TechnologyNewsApp-frameworks-${CONFIGURATION}-output-files.xcfilelist",
			);
			runOnlyForDeploymentPostprocessing = 0;
			shellPath = /bin/sh;
			shellScript = "\"${PODS_ROOT}/Target Support Files/Pods-TechnologyNewsApp/Pods-TechnologyNewsApp-frameworks.sh\"\n";
			showEnvVarsInLog = 0;
		};
		F880AA307ECBC120C4CE6640 /* [CP] Check Pods Manifest.lock */ = {
			isa = PBXShellScriptBuildPhase;
			buildActionMask = 2147483647;
			files = (
			);
			inputFileListPaths = (
			);
			inputPaths = (
				"${PODS_PODFILE_DIR_PATH}/Podfile.lock",
				"${PODS_ROOT}/Manifest.lock",
			);
			name = "[CP] Check Pods Manifest.lock";
			outputFileListPaths = (
			);
			outputPaths = (
				"$(DERIVED_FILE_DIR)/Pods-TechnologyNewsApp-checkManifestLockResult.txt",
			);
			runOnlyForDeploymentPostprocessing = 0;
			shellPath = /bin/sh;
			shellScript = "diff \"${PODS_PODFILE_DIR_PATH}/Podfile.lock\" \"${PODS_ROOT}/Manifest.lock\" > /dev/null\nif [ $? != 0 ] ; then\n    # print error to STDERR\n    echo \"error: The sandbox is not in sync with the Podfile.lock. Run 'pod install' or update your CocoaPods installation.\" >&2\n    exit 1\nfi\n# This output is used by Xcode 'outputs' to avoid re-running this script phase.\necho \"SUCCESS\" > \"${SCRIPT_OUTPUT_FILE_0}\"\n";
			showEnvVarsInLog = 0;
		};
/* End PBXShellScriptBuildPhase section */

/* Begin PBXSourcesBuildPhase section */
		91008A04234EA00F0089458E /* Sources */ = {
			isa = PBXSourcesBuildPhase;
			buildActionMask = 2147483647;
			files = (
				91008A56234EB5150089458E /* NewsListTableViewManager.swift in Sources */,
				91008A43234EA7F10089458E /* URLSessionManager.swift in Sources */,
				91008A5B234EB5500089458E /* NewsTableViewCell.swift in Sources */,
				91008A0C234EA00F0089458E /* AppDelegate.swift in Sources */,
				91008A52234EB4EB0089458E /* NewsListViewController.swift in Sources */,
				91008A41234EA6F20089458E /* Post.swift in Sources */,
				91008A47234EA8640089458E /* News+CoreDataProperties.swift in Sources */,
				91008A46234EA8640089458E /* News+CoreDataClass.swift in Sources */,
				91008A4B234EADC50089458E /* CoreDataManager.swift in Sources */,
				91008A54234EB5000089458E /* NewsListPresenter.swift in Sources */,
				91008A2E234EA4BF0089458E /* NewsRepository.swift in Sources */,
				91008A49234EA8910089458E /* Repository.swift in Sources */,
				91008A60234EB5760089458E /* NewsListPresenterProtocol.swift in Sources */,
				91008A62234EB58C0089458E /* NewsListViewProtocol.swift in Sources */,
				91008A14234EA00F0089458E /* TechnologyNewsApp.xcdatamodeld in Sources */,
				91008A3F234EA6BA0089458E /* PostList.swift in Sources */,
			);
			runOnlyForDeploymentPostprocessing = 0;
		};
/* End PBXSourcesBuildPhase section */

/* Begin PBXVariantGroup section */
		91008A17234EA0110089458E /* LaunchScreen.storyboard */ = {
			isa = PBXVariantGroup;
			children = (
				91008A18234EA0110089458E /* Base */,
			);
			name = LaunchScreen.storyboard;
			sourceTree = "<group>";
		};
/* End PBXVariantGroup section */

/* Begin XCBuildConfiguration section */
		91008A1B234EA0110089458E /* Debug */ = {
			isa = XCBuildConfiguration;
			buildSettings = {
				ALWAYS_SEARCH_USER_PATHS = NO;
				CLANG_ANALYZER_NONNULL = YES;
				CLANG_ANALYZER_NUMBER_OBJECT_CONVERSION = YES_AGGRESSIVE;
				CLANG_CXX_LANGUAGE_STANDARD = "gnu++14";
				CLANG_CXX_LIBRARY = "libc++";
				CLANG_ENABLE_MODULES = YES;
				CLANG_ENABLE_OBJC_ARC = YES;
				CLANG_ENABLE_OBJC_WEAK = YES;
				CLANG_WARN_BLOCK_CAPTURE_AUTORELEASING = YES;
				CLANG_WARN_BOOL_CONVERSION = YES;
				CLANG_WARN_COMMA = YES;
				CLANG_WARN_CONSTANT_CONVERSION = YES;
				CLANG_WARN_DEPRECATED_OBJC_IMPLEMENTATIONS = YES;
				CLANG_WARN_DIRECT_OBJC_ISA_USAGE = YES_ERROR;
				CLANG_WARN_DOCUMENTATION_COMMENTS = YES;
				CLANG_WARN_EMPTY_BODY = YES;
				CLANG_WARN_ENUM_CONVERSION = YES;
				CLANG_WARN_INFINITE_RECURSION = YES;
				CLANG_WARN_INT_CONVERSION = YES;
				CLANG_WARN_NON_LITERAL_NULL_CONVERSION = YES;
				CLANG_WARN_OBJC_IMPLICIT_RETAIN_SELF = YES;
				CLANG_WARN_OBJC_LITERAL_CONVERSION = YES;
				CLANG_WARN_OBJC_ROOT_CLASS = YES_ERROR;
				CLANG_WARN_RANGE_LOOP_ANALYSIS = YES;
				CLANG_WARN_STRICT_PROTOTYPES = YES;
				CLANG_WARN_SUSPICIOUS_MOVE = YES;
				CLANG_WARN_UNGUARDED_AVAILABILITY = YES_AGGRESSIVE;
				CLANG_WARN_UNREACHABLE_CODE = YES;
				CLANG_WARN__DUPLICATE_METHOD_MATCH = YES;
				CODE_SIGN_IDENTITY = "iPhone Developer";
				COPY_PHASE_STRIP = NO;
				DEBUG_INFORMATION_FORMAT = dwarf;
				ENABLE_STRICT_OBJC_MSGSEND = YES;
				ENABLE_TESTABILITY = YES;
				GCC_C_LANGUAGE_STANDARD = gnu11;
				GCC_DYNAMIC_NO_PIC = NO;
				GCC_NO_COMMON_BLOCKS = YES;
				GCC_OPTIMIZATION_LEVEL = 0;
				GCC_PREPROCESSOR_DEFINITIONS = (
					"DEBUG=1",
					"$(inherited)",
				);
				GCC_WARN_64_TO_32_BIT_CONVERSION = YES;
				GCC_WARN_ABOUT_RETURN_TYPE = YES_ERROR;
				GCC_WARN_UNDECLARED_SELECTOR = YES;
				GCC_WARN_UNINITIALIZED_AUTOS = YES_AGGRESSIVE;
				GCC_WARN_UNUSED_FUNCTION = YES;
				GCC_WARN_UNUSED_VARIABLE = YES;
				IPHONEOS_DEPLOYMENT_TARGET = 12.4;
				MTL_ENABLE_DEBUG_INFO = INCLUDE_SOURCE;
				MTL_FAST_MATH = YES;
				ONLY_ACTIVE_ARCH = YES;
				SDKROOT = iphoneos;
				SWIFT_ACTIVE_COMPILATION_CONDITIONS = DEBUG;
				SWIFT_OPTIMIZATION_LEVEL = "-Onone";
			};
			name = Debug;
		};
		91008A1C234EA0110089458E /* Release */ = {
			isa = XCBuildConfiguration;
			buildSettings = {
				ALWAYS_SEARCH_USER_PATHS = NO;
				CLANG_ANALYZER_NONNULL = YES;
				CLANG_ANALYZER_NUMBER_OBJECT_CONVERSION = YES_AGGRESSIVE;
				CLANG_CXX_LANGUAGE_STANDARD = "gnu++14";
				CLANG_CXX_LIBRARY = "libc++";
				CLANG_ENABLE_MODULES = YES;
				CLANG_ENABLE_OBJC_ARC = YES;
				CLANG_ENABLE_OBJC_WEAK = YES;
				CLANG_WARN_BLOCK_CAPTURE_AUTORELEASING = YES;
				CLANG_WARN_BOOL_CONVERSION = YES;
				CLANG_WARN_COMMA = YES;
				CLANG_WARN_CONSTANT_CONVERSION = YES;
				CLANG_WARN_DEPRECATED_OBJC_IMPLEMENTATIONS = YES;
				CLANG_WARN_DIRECT_OBJC_ISA_USAGE = YES_ERROR;
				CLANG_WARN_DOCUMENTATION_COMMENTS = YES;
				CLANG_WARN_EMPTY_BODY = YES;
				CLANG_WARN_ENUM_CONVERSION = YES;
				CLANG_WARN_INFINITE_RECURSION = YES;
				CLANG_WARN_INT_CONVERSION = YES;
				CLANG_WARN_NON_LITERAL_NULL_CONVERSION = YES;
				CLANG_WARN_OBJC_IMPLICIT_RETAIN_SELF = YES;
				CLANG_WARN_OBJC_LITERAL_CONVERSION = YES;
				CLANG_WARN_OBJC_ROOT_CLASS = YES_ERROR;
				CLANG_WARN_RANGE_LOOP_ANALYSIS = YES;
				CLANG_WARN_STRICT_PROTOTYPES = YES;
				CLANG_WARN_SUSPICIOUS_MOVE = YES;
				CLANG_WARN_UNGUARDED_AVAILABILITY = YES_AGGRESSIVE;
				CLANG_WARN_UNREACHABLE_CODE = YES;
				CLANG_WARN__DUPLICATE_METHOD_MATCH = YES;
				CODE_SIGN_IDENTITY = "iPhone Developer";
				COPY_PHASE_STRIP = NO;
				DEBUG_INFORMATION_FORMAT = "dwarf-with-dsym";
				ENABLE_NS_ASSERTIONS = NO;
				ENABLE_STRICT_OBJC_MSGSEND = YES;
				GCC_C_LANGUAGE_STANDARD = gnu11;
				GCC_NO_COMMON_BLOCKS = YES;
				GCC_WARN_64_TO_32_BIT_CONVERSION = YES;
				GCC_WARN_ABOUT_RETURN_TYPE = YES_ERROR;
				GCC_WARN_UNDECLARED_SELECTOR = YES;
				GCC_WARN_UNINITIALIZED_AUTOS = YES_AGGRESSIVE;
				GCC_WARN_UNUSED_FUNCTION = YES;
				GCC_WARN_UNUSED_VARIABLE = YES;
				IPHONEOS_DEPLOYMENT_TARGET = 12.4;
				MTL_ENABLE_DEBUG_INFO = NO;
				MTL_FAST_MATH = YES;
				SDKROOT = iphoneos;
				SWIFT_COMPILATION_MODE = wholemodule;
				SWIFT_OPTIMIZATION_LEVEL = "-O";
				VALIDATE_PRODUCT = YES;
			};
			name = Release;
		};
		91008A1E234EA0110089458E /* Debug */ = {
			isa = XCBuildConfiguration;
			baseConfigurationReference = 7B590A697838D9A7227C4352 /* Pods-TechnologyNewsApp.debug.xcconfig */;
			buildSettings = {
				ASSETCATALOG_COMPILER_APPICON_NAME = AppIcon;
				CODE_SIGN_STYLE = Automatic;
				INFOPLIST_FILE = /Users/irishale/Documents/Projects/TechnologyNewsApp/SupportingFiles/Info.plist;
				LD_RUNPATH_SEARCH_PATHS = (
					"$(inherited)",
					"@executable_path/Frameworks",
				);
				PRODUCT_BUNDLE_IDENTIFIER = irishale.TechnologyNewsApp;
				PRODUCT_NAME = "$(TARGET_NAME)";
				SWIFT_VERSION = 5.0;
				TARGETED_DEVICE_FAMILY = "1,2";
			};
			name = Debug;
		};
		91008A1F234EA0110089458E /* Release */ = {
			isa = XCBuildConfiguration;
			baseConfigurationReference = 332073A3BDDA3410443A0269 /* Pods-TechnologyNewsApp.release.xcconfig */;
			buildSettings = {
				ASSETCATALOG_COMPILER_APPICON_NAME = AppIcon;
				CODE_SIGN_STYLE = Automatic;
				INFOPLIST_FILE = /Users/irishale/Documents/Projects/TechnologyNewsApp/SupportingFiles/Info.plist;
				LD_RUNPATH_SEARCH_PATHS = (
					"$(inherited)",
					"@executable_path/Frameworks",
				);
				PRODUCT_BUNDLE_IDENTIFIER = irishale.TechnologyNewsApp;
				PRODUCT_NAME = "$(TARGET_NAME)";
				SWIFT_VERSION = 5.0;
				TARGETED_DEVICE_FAMILY = "1,2";
			};
			name = Release;
		};
/* End XCBuildConfiguration section */

/* Begin XCConfigurationList section */
		91008A03234EA00F0089458E /* Build configuration list for PBXProject "TechnologyNewsApp" */ = {
			isa = XCConfigurationList;
			buildConfigurations = (
				91008A1B234EA0110089458E /* Debug */,
				91008A1C234EA0110089458E /* Release */,
			);
			defaultConfigurationIsVisible = 0;
			defaultConfigurationName = Release;
		};
		91008A1D234EA0110089458E /* Build configuration list for PBXNativeTarget "TechnologyNewsApp" */ = {
			isa = XCConfigurationList;
			buildConfigurations = (
				91008A1E234EA0110089458E /* Debug */,
				91008A1F234EA0110089458E /* Release */,
			);
			defaultConfigurationIsVisible = 0;
			defaultConfigurationName = Release;
		};
/* End XCConfigurationList section */

/* Begin XCVersionGroup section */
		91008A12234EA00F0089458E /* TechnologyNewsApp.xcdatamodeld */ = {
			isa = XCVersionGroup;
			children = (
				91008A13234EA00F0089458E /* TechnologyNewsApp.xcdatamodel */,
			);
			currentVersion = 91008A13234EA00F0089458E /* TechnologyNewsApp.xcdatamodel */;
			path = TechnologyNewsApp.xcdatamodeld;
			sourceTree = "<group>";
			versionGroupType = wrapper.xcdatamodel;
		};
/* End XCVersionGroup section */
	};
	rootObject = 91008A00234EA00F0089458E /* Project object */;
}
